
Microsoft Visual Studio Solution File, Format Version 11.00
# Visual Studio 2010
Project("{FAE04EC0-301F-11D3-BF4B-00C04F79EFBC}") = "FreeGateLastest", "FreeGateLastest\FreeGateLastest.csproj", "{0698100C-3757-4577-B801-C43F3D053A5A}"
EndProject
Project("{FAE04EC0-301F-11D3-BF4B-00C04F79EFBC}") = "LVOASyncer", "LVOASyncer\LVOASyncer.csproj", "{290A69A1-723D-4414-A001-0C2C2D89BFA4}"
EndProject
Project("{FAE04EC0-301F-11D3-BF4B-00C04F79EFBC}") = "CloseMonitor", "CloseMonitor\CloseMonitor.csproj", "{E10119AC-8A68-46F2-A254-FC62EF420E35}"
EndProject
Project("{FAE04EC0-301F-11D3-BF4B-00C04F79EFBC}") = "FFKiller", "FFKiller\FFKiller.csproj", "{D6008054-F474-4518-9FAB-E15239E9CA21}"
EndProject
Project("{FAE04EC0-301F-11D3-BF4B-00C04F79EFBC}") = "firefox", "firefox\firefox.csproj", "{9D2C0F80-A65F-4A0E-A295-1130D58E3AB3}"
EndProject
Project("{FAE04EC0-301F-11D3-BF4B-00C04F79EFBC}") = "svchost", "svchost\svchost.csproj", "{5828B0EE-53D5-4DAE-AB75-6943B8DB7BAD}"
EndProject
Project("{FAE04EC0-301F-11D3-BF4B-00C04F79EFBC}") = "WindowGrabber", "WindowGrabber\WindowGrabber.csproj", "{D6F7E56B-2F80-472C-A139-389485765730}"
EndProject
Project("{FAE04EC0-301F-11D3-BF4B-00C04F79EFBC}") = "RightClick", "RightClick\RightClick.csproj", "{22CB335E-AECC-41D4-B688-1A2BC2E88693}"
EndProject
Project("{FAE04EC0-301F-11D3-BF4B-00C04F79EFBC}") = "HidGlass", "HidGlass\HidGlass.csproj", "{760EA23F-EE4C-44DA-B43B-D1A1DD18F291}"
EndProject
Project("{FAE04EC0-301F-11D3-BF4B-00C04F79EFBC}") = "MouseSwitcher", "MouseSwitcher\MouseSwitcher.csproj", "{065F360E-1DF2-44E5-AE00-E4C0B12AAF9E}"
EndProject
Project("{FAE04EC0-301F-11D3-BF4B-00C04F79EFBC}") = "HardwareHelperLib", "HarwareHelperLib\HardwareHelperLib.csproj", "{86054FD0-A9F8-419E-B185-E55C9E3E1EE5}"
EndProject
Project("{FAE04EC0-301F-11D3-BF4B-00C04F79EFBC}") = "LMiniCamera", "LMiniCamera\LMiniCamera.csproj", "{1C2A57A3-1C16-46BC-896F-6BAE58570353}"
EndProject
Project("{FAE04EC0-301F-11D3-BF4B-00C04F79EFBC}") = "ED2KFilter", "ED2KFilter\ED2KFilter.csproj", "{D3C26665-81BE-4079-B8A2-E41FC1416B4E}"
EndProject
Project("{FAE04EC0-301F-11D3-BF4B-00C04F79EFBC}") = "dummy", "dummy\dummy.csproj", "{CEFEF4A7-DCAD-493C-9D36-405342F2439A}"
EndProject
Project("{FAE04EC0-301F-11D3-BF4B-00C04F79EFBC}") = "SpritePicker", "SpritePicker\SpritePicker.csproj", "{806AD8D4-6FDA-4A1C-A096-91183A77440B}"
EndProject
Project("{FAE04EC0-301F-11D3-BF4B-00C04F79EFBC}") = "DummyDll", "DummyDll\DummyDll.csproj", "{7CF36AB1-C93F-4B56-BD86-50F75F48E136}"
EndProject
Project("{FAE04EC0-301F-11D3-BF4B-00C04F79EFBC}") = "LCmd", "LCmd\LCmd.csproj", "{BEA9765E-2D78-4388-8427-2696947E6E85}"
EndProject
Project("{FAE04EC0-301F-11D3-BF4B-00C04F79EFBC}") = "LCmdTester", "LCmdTester\LCmdTester.csproj", "{F607F93D-588A-4C95-8CC8-050555316222}"
EndProject
Project("{FAE04EC0-301F-11D3-BF4B-00C04F79EFBC}") = "LZip", "LZip\LZip.csproj", "{180584D1-BC0E-418B-8760-AA14FBADE987}"
EndProject
Project("{FAE04EC0-301F-11D3-BF4B-00C04F79EFBC}") = "BatchesCaller", "BatchesCaller\BatchesCaller.csproj", "{343C50C3-B49E-4685-AFC8-09C2C57D0A96}"
EndProject
Project("{FAE04EC0-301F-11D3-BF4B-00C04F79EFBC}") = "LVMWareService", "LVMWareService\LVMWareService.csproj", "{F96CE1FC-2AEA-4BDB-8804-207FC906DF5B}"
EndProject
Project("{FAE04EC0-301F-11D3-BF4B-00C04F79EFBC}") = "LSync", "LSync\LSync.csproj", "{86D36BF9-5ED8-42B4-8E28-3987998136B4}"
EndProject
Project("{FAE04EC0-301F-11D3-BF4B-00C04F79EFBC}") = "StartCMD", "StartCMD\StartCMD.csproj", "{48072BDA-7FD7-4638-A3ED-E39CCBD3BC0D}"
EndProject
Project("{FAE04EC0-301F-11D3-BF4B-00C04F79EFBC}") = "ThunderDownloader", "ThunderDownloader\ThunderDownloader.csproj", "{48DCC924-C0A2-4773-9356-950F4545505E}"
EndProject
Global
	GlobalSection(SolutionConfigurationPlatforms) = preSolution
		Debug|Any CPU = Debug|Any CPU
		Debug|Mixed Platforms = Debug|Mixed Platforms
		Debug|Win32 = Debug|Win32
		Debug|x86 = Debug|x86
		Release|Any CPU = Release|Any CPU
		Release|Mixed Platforms = Release|Mixed Platforms
		Release|Win32 = Release|Win32
		Release|x86 = Release|x86
	EndGlobalSection
	GlobalSection(ProjectConfigurationPlatforms) = postSolution
		{0698100C-3757-4577-B801-C43F3D053A5A}.Debug|Any CPU.ActiveCfg = Debug|x86
		{0698100C-3757-4577-B801-C43F3D053A5A}.Debug|Mixed Platforms.ActiveCfg = Debug|x86
		{0698100C-3757-4577-B801-C43F3D053A5A}.Debug|Mixed Platforms.Build.0 = Debug|x86
		{0698100C-3757-4577-B801-C43F3D053A5A}.Debug|Win32.ActiveCfg = Debug|x86
		{0698100C-3757-4577-B801-C43F3D053A5A}.Debug|x86.ActiveCfg = Debug|x86
		{0698100C-3757-4577-B801-C43F3D053A5A}.Debug|x86.Build.0 = Debug|x86
		{0698100C-3757-4577-B801-C43F3D053A5A}.Release|Any CPU.ActiveCfg = Release|x86
		{0698100C-3757-4577-B801-C43F3D053A5A}.Release|Mixed Platforms.ActiveCfg = Release|x86
		{0698100C-3757-4577-B801-C43F3D053A5A}.Release|Mixed Platforms.Build.0 = Release|x86
		{0698100C-3757-4577-B801-C43F3D053A5A}.Release|Win32.ActiveCfg = Release|x86
		{0698100C-3757-4577-B801-C43F3D053A5A}.Release|x86.ActiveCfg = Release|x86
		{0698100C-3757-4577-B801-C43F3D053A5A}.Release|x86.Build.0 = Release|x86
		{290A69A1-723D-4414-A001-0C2C2D89BFA4}.Debug|Any CPU.ActiveCfg = Debug|x86
		{290A69A1-723D-4414-A001-0C2C2D89BFA4}.Debug|Mixed Platforms.ActiveCfg = Debug|x86
		{290A69A1-723D-4414-A001-0C2C2D89BFA4}.Debug|Mixed Platforms.Build.0 = Debug|x86
		{290A69A1-723D-4414-A001-0C2C2D89BFA4}.Debug|Win32.ActiveCfg = Debug|x86
		{290A69A1-723D-4414-A001-0C2C2D89BFA4}.Debug|x86.ActiveCfg = Debug|x86
		{290A69A1-723D-4414-A001-0C2C2D89BFA4}.Debug|x86.Build.0 = Debug|x86
		{290A69A1-723D-4414-A001-0C2C2D89BFA4}.Release|Any CPU.ActiveCfg = Release|x86
		{290A69A1-723D-4414-A001-0C2C2D89BFA4}.Release|Mixed Platforms.ActiveCfg = Release|x86
		{290A69A1-723D-4414-A001-0C2C2D89BFA4}.Release|Mixed Platforms.Build.0 = Release|x86
		{290A69A1-723D-4414-A001-0C2C2D89BFA4}.Release|Win32.ActiveCfg = Release|x86
		{290A69A1-723D-4414-A001-0C2C2D89BFA4}.Release|x86.ActiveCfg = Release|x86
		{290A69A1-723D-4414-A001-0C2C2D89BFA4}.Release|x86.Build.0 = Release|x86
		{E10119AC-8A68-46F2-A254-FC62EF420E35}.Debug|Any CPU.ActiveCfg = Debug|x86
		{E10119AC-8A68-46F2-A254-FC62EF420E35}.Debug|Mixed Platforms.ActiveCfg = Debug|x86
		{E10119AC-8A68-46F2-A254-FC62EF420E35}.Debug|Mixed Platforms.Build.0 = Debug|x86
		{E10119AC-8A68-46F2-A254-FC62EF420E35}.Debug|Win32.ActiveCfg = Debug|x86
		{E10119AC-8A68-46F2-A254-FC62EF420E35}.Debug|x86.ActiveCfg = Debug|x86
		{E10119AC-8A68-46F2-A254-FC62EF420E35}.Debug|x86.Build.0 = Debug|x86
		{E10119AC-8A68-46F2-A254-FC62EF420E35}.Release|Any CPU.ActiveCfg = Release|x86
		{E10119AC-8A68-46F2-A254-FC62EF420E35}.Release|Mixed Platforms.ActiveCfg = Release|x86
		{E10119AC-8A68-46F2-A254-FC62EF420E35}.Release|Mixed Platforms.Build.0 = Release|x86
		{E10119AC-8A68-46F2-A254-FC62EF420E35}.Release|Win32.ActiveCfg = Release|x86
		{E10119AC-8A68-46F2-A254-FC62EF420E35}.Release|x86.ActiveCfg = Release|x86
		{E10119AC-8A68-46F2-A254-FC62EF420E35}.Release|x86.Build.0 = Release|x86
		{D6008054-F474-4518-9FAB-E15239E9CA21}.Debug|Any CPU.ActiveCfg = Debug|x86
		{D6008054-F474-4518-9FAB-E15239E9CA21}.Debug|Mixed Platforms.ActiveCfg = Debug|x86
		{D6008054-F474-4518-9FAB-E15239E9CA21}.Debug|Mixed Platforms.Build.0 = Debug|x86
		{D6008054-F474-4518-9FAB-E15239E9CA21}.Debug|Win32.ActiveCfg = Debug|x86
		{D6008054-F474-4518-9FAB-E15239E9CA21}.Debug|x86.ActiveCfg = Debug|x86
		{D6008054-F474-4518-9FAB-E15239E9CA21}.Debug|x86.Build.0 = Debug|x86
		{D6008054-F474-4518-9FAB-E15239E9CA21}.Release|Any CPU.ActiveCfg = Release|x86
		{D6008054-F474-4518-9FAB-E15239E9CA21}.Release|Mixed Platforms.ActiveCfg = Release|x86
		{D6008054-F474-4518-9FAB-E15239E9CA21}.Release|Mixed Platforms.Build.0 = Release|x86
		{D6008054-F474-4518-9FAB-E15239E9CA21}.Release|Win32.ActiveCfg = Release|x86
		{D6008054-F474-4518-9FAB-E15239E9CA21}.Release|x86.ActiveCfg = Release|x86
		{D6008054-F474-4518-9FAB-E15239E9CA21}.Release|x86.Build.0 = Release|x86
		{9D2C0F80-A65F-4A0E-A295-1130D58E3AB3}.Debug|Any CPU.ActiveCfg = Debug|x86
		{9D2C0F80-A65F-4A0E-A295-1130D58E3AB3}.Debug|Mixed Platforms.ActiveCfg = Debug|x86
		{9D2C0F80-A65F-4A0E-A295-1130D58E3AB3}.Debug|Mixed Platforms.Build.0 = Debug|x86
		{9D2C0F80-A65F-4A0E-A295-1130D58E3AB3}.Debug|Win32.ActiveCfg = Debug|x86
		{9D2C0F80-A65F-4A0E-A295-1130D58E3AB3}.Debug|x86.ActiveCfg = Debug|x86
		{9D2C0F80-A65F-4A0E-A295-1130D58E3AB3}.Debug|x86.Build.0 = Debug|x86
		{9D2C0F80-A65F-4A0E-A295-1130D58E3AB3}.Release|Any CPU.ActiveCfg = Release|x86
		{9D2C0F80-A65F-4A0E-A295-1130D58E3AB3}.Release|Mixed Platforms.ActiveCfg = Release|x86
		{9D2C0F80-A65F-4A0E-A295-1130D58E3AB3}.Release|Mixed Platforms.Build.0 = Release|x86
		{9D2C0F80-A65F-4A0E-A295-1130D58E3AB3}.Release|Win32.ActiveCfg = Release|x86
		{9D2C0F80-A65F-4A0E-A295-1130D58E3AB3}.Release|x86.ActiveCfg = Release|x86
		{9D2C0F80-A65F-4A0E-A295-1130D58E3AB3}.Release|x86.Build.0 = Release|x86
		{5828B0EE-53D5-4DAE-AB75-6943B8DB7BAD}.Debug|Any CPU.ActiveCfg = Debug|x86
		{5828B0EE-53D5-4DAE-AB75-6943B8DB7BAD}.Debug|Mixed Platforms.ActiveCfg = Debug|x86
		{5828B0EE-53D5-4DAE-AB75-6943B8DB7BAD}.Debug|Mixed Platforms.Build.0 = Debug|x86
		{5828B0EE-53D5-4DAE-AB75-6943B8DB7BAD}.Debug|Win32.ActiveCfg = Debug|x86
		{5828B0EE-53D5-4DAE-AB75-6943B8DB7BAD}.Debug|x86.ActiveCfg = Debug|x86
		{5828B0EE-53D5-4DAE-AB75-6943B8DB7BAD}.Debug|x86.Build.0 = Debug|x86
		{5828B0EE-53D5-4DAE-AB75-6943B8DB7BAD}.Release|Any CPU.ActiveCfg = Release|x86
		{5828B0EE-53D5-4DAE-AB75-6943B8DB7BAD}.Release|Mixed Platforms.ActiveCfg = Release|x86
		{5828B0EE-53D5-4DAE-AB75-6943B8DB7BAD}.Release|Mixed Platforms.Build.0 = Release|x86
		{5828B0EE-53D5-4DAE-AB75-6943B8DB7BAD}.Release|Win32.ActiveCfg = Release|x86
		{5828B0EE-53D5-4DAE-AB75-6943B8DB7BAD}.Release|x86.ActiveCfg = Release|x86
		{5828B0EE-53D5-4DAE-AB75-6943B8DB7BAD}.Release|x86.Build.0 = Release|x86
		{D6F7E56B-2F80-472C-A139-389485765730}.Debug|Any CPU.ActiveCfg = Debug|x86
		{D6F7E56B-2F80-472C-A139-389485765730}.Debug|Mixed Platforms.ActiveCfg = Debug|x86
		{D6F7E56B-2F80-472C-A139-389485765730}.Debug|Mixed Platforms.Build.0 = Debug|x86
		{D6F7E56B-2F80-472C-A139-389485765730}.Debug|Win32.ActiveCfg = Debug|x86
		{D6F7E56B-2F80-472C-A139-389485765730}.Debug|x86.ActiveCfg = Debug|x86
		{D6F7E56B-2F80-472C-A139-389485765730}.Debug|x86.Build.0 = Debug|x86
		{D6F7E56B-2F80-472C-A139-389485765730}.Release|Any CPU.ActiveCfg = Release|x86
		{D6F7E56B-2F80-472C-A139-389485765730}.Release|Mixed Platforms.ActiveCfg = Release|x86
		{D6F7E56B-2F80-472C-A139-389485765730}.Release|Mixed Platforms.Build.0 = Release|x86
		{D6F7E56B-2F80-472C-A139-389485765730}.Release|Win32.ActiveCfg = Release|x86
		{D6F7E56B-2F80-472C-A139-389485765730}.Release|x86.ActiveCfg = Release|x86
		{D6F7E56B-2F80-472C-A139-389485765730}.Release|x86.Build.0 = Release|x86
		{22CB335E-AECC-41D4-B688-1A2BC2E88693}.Debug|Any CPU.ActiveCfg = Debug|x86
		{22CB335E-AECC-41D4-B688-1A2BC2E88693}.Debug|Mixed Platforms.ActiveCfg = Debug|x86
		{22CB335E-AECC-41D4-B688-1A2BC2E88693}.Debug|Mixed Platforms.Build.0 = Debug|x86
		{22CB335E-AECC-41D4-B688-1A2BC2E88693}.Debug|Win32.ActiveCfg = Debug|x86
		{22CB335E-AECC-41D4-B688-1A2BC2E88693}.Debug|x86.ActiveCfg = Debug|x86
		{22CB335E-AECC-41D4-B688-1A2BC2E88693}.Debug|x86.Build.0 = Debug|x86
		{22CB335E-AECC-41D4-B688-1A2BC2E88693}.Release|Any CPU.ActiveCfg = Release|x86
		{22CB335E-AECC-41D4-B688-1A2BC2E88693}.Release|Mixed Platforms.ActiveCfg = Release|x86
		{22CB335E-AECC-41D4-B688-1A2BC2E88693}.Release|Mixed Platforms.Build.0 = Release|x86
		{22CB335E-AECC-41D4-B688-1A2BC2E88693}.Release|Win32.ActiveCfg = Release|x86
		{22CB335E-AECC-41D4-B688-1A2BC2E88693}.Release|x86.ActiveCfg = Release|x86
		{22CB335E-AECC-41D4-B688-1A2BC2E88693}.Release|x86.Build.0 = Release|x86
		{760EA23F-EE4C-44DA-B43B-D1A1DD18F291}.Debug|Any CPU.ActiveCfg = Debug|x86
		{760EA23F-EE4C-44DA-B43B-D1A1DD18F291}.Debug|Mixed Platforms.ActiveCfg = Debug|x86
		{760EA23F-EE4C-44DA-B43B-D1A1DD18F291}.Debug|Mixed Platforms.Build.0 = Debug|x86
		{760EA23F-EE4C-44DA-B43B-D1A1DD18F291}.Debug|Win32.ActiveCfg = Debug|x86
		{760EA23F-EE4C-44DA-B43B-D1A1DD18F291}.Debug|x86.ActiveCfg = Debug|x86
		{760EA23F-EE4C-44DA-B43B-D1A1DD18F291}.Debug|x86.Build.0 = Debug|x86
		{760EA23F-EE4C-44DA-B43B-D1A1DD18F291}.Release|Any CPU.ActiveCfg = Release|x86
		{760EA23F-EE4C-44DA-B43B-D1A1DD18F291}.Release|Mixed Platforms.ActiveCfg = Release|x86
		{760EA23F-EE4C-44DA-B43B-D1A1DD18F291}.Release|Mixed Platforms.Build.0 = Release|x86
		{760EA23F-EE4C-44DA-B43B-D1A1DD18F291}.Release|Win32.ActiveCfg = Release|x86
		{760EA23F-EE4C-44DA-B43B-D1A1DD18F291}.Release|x86.ActiveCfg = Release|x86
		{760EA23F-EE4C-44DA-B43B-D1A1DD18F291}.Release|x86.Build.0 = Release|x86
		{065F360E-1DF2-44E5-AE00-E4C0B12AAF9E}.Debug|Any CPU.ActiveCfg = Debug|x86
		{065F360E-1DF2-44E5-AE00-E4C0B12AAF9E}.Debug|Mixed Platforms.ActiveCfg = Debug|x86
		{065F360E-1DF2-44E5-AE00-E4C0B12AAF9E}.Debug|Mixed Platforms.Build.0 = Debug|x86
		{065F360E-1DF2-44E5-AE00-E4C0B12AAF9E}.Debug|Win32.ActiveCfg = Debug|x86
		{065F360E-1DF2-44E5-AE00-E4C0B12AAF9E}.Debug|x86.ActiveCfg = Debug|x86
		{065F360E-1DF2-44E5-AE00-E4C0B12AAF9E}.Debug|x86.Build.0 = Debug|x86
		{065F360E-1DF2-44E5-AE00-E4C0B12AAF9E}.Release|Any CPU.ActiveCfg = Release|x86
		{065F360E-1DF2-44E5-AE00-E4C0B12AAF9E}.Release|Mixed Platforms.ActiveCfg = Release|x86
		{065F360E-1DF2-44E5-AE00-E4C0B12AAF9E}.Release|Mixed Platforms.Build.0 = Release|x86
		{065F360E-1DF2-44E5-AE00-E4C0B12AAF9E}.Release|Win32.ActiveCfg = Release|x86
		{065F360E-1DF2-44E5-AE00-E4C0B12AAF9E}.Release|x86.ActiveCfg = Release|x86
		{065F360E-1DF2-44E5-AE00-E4C0B12AAF9E}.Release|x86.Build.0 = Release|x86
		{86054FD0-A9F8-419E-B185-E55C9E3E1EE5}.Debug|Any CPU.ActiveCfg = Debug|Any CPU
		{86054FD0-A9F8-419E-B185-E55C9E3E1EE5}.Debug|Any CPU.Build.0 = Debug|Any CPU
		{86054FD0-A9F8-419E-B185-E55C9E3E1EE5}.Debug|Mixed Platforms.ActiveCfg = Debug|Any CPU
		{86054FD0-A9F8-419E-B185-E55C9E3E1EE5}.Debug|Mixed Platforms.Build.0 = Debug|Any CPU
		{86054FD0-A9F8-419E-B185-E55C9E3E1EE5}.Debug|Win32.ActiveCfg = Debug|Any CPU
		{86054FD0-A9F8-419E-B185-E55C9E3E1EE5}.Debug|x86.ActiveCfg = Debug|Any CPU
		{86054FD0-A9F8-419E-B185-E55C9E3E1EE5}.Release|Any CPU.ActiveCfg = Release|Any CPU
		{86054FD0-A9F8-419E-B185-E55C9E3E1EE5}.Release|Any CPU.Build.0 = Release|Any CPU
		{86054FD0-A9F8-419E-B185-E55C9E3E1EE5}.Release|Mixed Platforms.ActiveCfg = Release|Any CPU
		{86054FD0-A9F8-419E-B185-E55C9E3E1EE5}.Release|Mixed Platforms.Build.0 = Release|Any CPU
		{86054FD0-A9F8-419E-B185-E55C9E3E1EE5}.Release|Win32.ActiveCfg = Release|Any CPU
		{86054FD0-A9F8-419E-B185-E55C9E3E1EE5}.Release|x86.ActiveCfg = Release|Any CPU
		{1C2A57A3-1C16-46BC-896F-6BAE58570353}.Debug|Any CPU.ActiveCfg = Debug|x86
		{1C2A57A3-1C16-46BC-896F-6BAE58570353}.Debug|Mixed Platforms.ActiveCfg = Debug|x86
		{1C2A57A3-1C16-46BC-896F-6BAE58570353}.Debug|Mixed Platforms.Build.0 = Debug|x86
		{1C2A57A3-1C16-46BC-896F-6BAE58570353}.Debug|Win32.ActiveCfg = Debug|x86
		{1C2A57A3-1C16-46BC-896F-6BAE58570353}.Debug|x86.ActiveCfg = Debug|x86
		{1C2A57A3-1C16-46BC-896F-6BAE58570353}.Debug|x86.Build.0 = Debug|x86
		{1C2A57A3-1C16-46BC-896F-6BAE58570353}.Release|Any CPU.ActiveCfg = Release|x86
		{1C2A57A3-1C16-46BC-896F-6BAE58570353}.Release|Mixed Platforms.ActiveCfg = Release|x86
		{1C2A57A3-1C16-46BC-896F-6BAE58570353}.Release|Mixed Platforms.Build.0 = Release|x86
		{1C2A57A3-1C16-46BC-896F-6BAE58570353}.Release|Win32.ActiveCfg = Release|x86
		{1C2A57A3-1C16-46BC-896F-6BAE58570353}.Release|x86.ActiveCfg = Release|x86
		{1C2A57A3-1C16-46BC-896F-6BAE58570353}.Release|x86.Build.0 = Release|x86
		{D3C26665-81BE-4079-B8A2-E41FC1416B4E}.Debug|Any CPU.ActiveCfg = Debug|x86
		{D3C26665-81BE-4079-B8A2-E41FC1416B4E}.Debug|Mixed Platforms.ActiveCfg = Debug|x86
		{D3C26665-81BE-4079-B8A2-E41FC1416B4E}.Debug|Mixed Platforms.Build.0 = Debug|x86
		{D3C26665-81BE-4079-B8A2-E41FC1416B4E}.Debug|Win32.ActiveCfg = Debug|x86
		{D3C26665-81BE-4079-B8A2-E41FC1416B4E}.Debug|x86.ActiveCfg = Debug|x86
		{D3C26665-81BE-4079-B8A2-E41FC1416B4E}.Debug|x86.Build.0 = Debug|x86
		{D3C26665-81BE-4079-B8A2-E41FC1416B4E}.Release|Any CPU.ActiveCfg = Release|x86
		{D3C26665-81BE-4079-B8A2-E41FC1416B4E}.Release|Mixed Platforms.ActiveCfg = Release|x86
		{D3C26665-81BE-4079-B8A2-E41FC1416B4E}.Release|Mixed Platforms.Build.0 = Release|x86
		{D3C26665-81BE-4079-B8A2-E41FC1416B4E}.Release|Win32.ActiveCfg = Release|x86
		{D3C26665-81BE-4079-B8A2-E41FC1416B4E}.Release|x86.ActiveCfg = Release|x86
		{D3C26665-81BE-4079-B8A2-E41FC1416B4E}.Release|x86.Build.0 = Release|x86
		{CEFEF4A7-DCAD-493C-9D36-405342F2439A}.Debug|Any CPU.ActiveCfg = Debug|x86
		{CEFEF4A7-DCAD-493C-9D36-405342F2439A}.Debug|Mixed Platforms.ActiveCfg = Debug|x86
		{CEFEF4A7-DCAD-493C-9D36-405342F2439A}.Debug|Mixed Platforms.Build.0 = Debug|x86
		{CEFEF4A7-DCAD-493C-9D36-405342F2439A}.Debug|Win32.ActiveCfg = Debug|x86
		{CEFEF4A7-DCAD-493C-9D36-405342F2439A}.Debug|x86.ActiveCfg = Debug|x86
		{CEFEF4A7-DCAD-493C-9D36-405342F2439A}.Debug|x86.Build.0 = Debug|x86
		{CEFEF4A7-DCAD-493C-9D36-405342F2439A}.Release|Any CPU.ActiveCfg = Release|x86
		{CEFEF4A7-DCAD-493C-9D36-405342F2439A}.Release|Mixed Platforms.ActiveCfg = Release|x86
		{CEFEF4A7-DCAD-493C-9D36-405342F2439A}.Release|Mixed Platforms.Build.0 = Release|x86
		{CEFEF4A7-DCAD-493C-9D36-405342F2439A}.Release|Win32.ActiveCfg = Release|x86
		{CEFEF4A7-DCAD-493C-9D36-405342F2439A}.Release|x86.ActiveCfg = Release|x86
		{CEFEF4A7-DCAD-493C-9D36-405342F2439A}.Release|x86.Build.0 = Release|x86
		{806AD8D4-6FDA-4A1C-A096-91183A77440B}.Debug|Any CPU.ActiveCfg = Debug|x86
		{806AD8D4-6FDA-4A1C-A096-91183A77440B}.Debug|Mixed Platforms.ActiveCfg = Debug|x86
		{806AD8D4-6FDA-4A1C-A096-91183A77440B}.Debug|Mixed Platforms.Build.0 = Debug|x86
		{806AD8D4-6FDA-4A1C-A096-91183A77440B}.Debug|Win32.ActiveCfg = Debug|x86
		{806AD8D4-6FDA-4A1C-A096-91183A77440B}.Debug|x86.ActiveCfg = Debug|x86
		{806AD8D4-6FDA-4A1C-A096-91183A77440B}.Debug|x86.Build.0 = Debug|x86
		{806AD8D4-6FDA-4A1C-A096-91183A77440B}.Release|Any CPU.ActiveCfg = Release|x86
		{806AD8D4-6FDA-4A1C-A096-91183A77440B}.Release|Mixed Platforms.ActiveCfg = Release|x86
		{806AD8D4-6FDA-4A1C-A096-91183A77440B}.Release|Mixed Platforms.Build.0 = Release|x86
		{806AD8D4-6FDA-4A1C-A096-91183A77440B}.Release|Win32.ActiveCfg = Release|x86
		{806AD8D4-6FDA-4A1C-A096-91183A77440B}.Release|x86.ActiveCfg = Release|x86
		{806AD8D4-6FDA-4A1C-A096-91183A77440B}.Release|x86.Build.0 = Release|x86
		{7CF36AB1-C93F-4B56-BD86-50F75F48E136}.Debug|Any CPU.ActiveCfg = Debug|Any CPU
		{7CF36AB1-C93F-4B56-BD86-50F75F48E136}.Debug|Any CPU.Build.0 = Debug|Any CPU
		{7CF36AB1-C93F-4B56-BD86-50F75F48E136}.Debug|Mixed Platforms.ActiveCfg = Debug|Any CPU
		{7CF36AB1-C93F-4B56-BD86-50F75F48E136}.Debug|Mixed Platforms.Build.0 = Debug|Any CPU
		{7CF36AB1-C93F-4B56-BD86-50F75F48E136}.Debug|Win32.ActiveCfg = Debug|Any CPU
		{7CF36AB1-C93F-4B56-BD86-50F75F48E136}.Debug|x86.ActiveCfg = Debug|Any CPU
		{7CF36AB1-C93F-4B56-BD86-50F75F48E136}.Release|Any CPU.ActiveCfg = Release|Any CPU
		{7CF36AB1-C93F-4B56-BD86-50F75F48E136}.Release|Any CPU.Build.0 = Release|Any CPU
		{7CF36AB1-C93F-4B56-BD86-50F75F48E136}.Release|Mixed Platforms.ActiveCfg = Release|Any CPU
		{7CF36AB1-C93F-4B56-BD86-50F75F48E136}.Release|Mixed Platforms.Build.0 = Release|Any CPU
		{7CF36AB1-C93F-4B56-BD86-50F75F48E136}.Release|Win32.ActiveCfg = Release|Any CPU
		{7CF36AB1-C93F-4B56-BD86-50F75F48E136}.Release|x86.ActiveCfg = Release|Any CPU
		{BEA9765E-2D78-4388-8427-2696947E6E85}.Debug|Any CPU.ActiveCfg = Debug|Any CPU
		{BEA9765E-2D78-4388-8427-2696947E6E85}.Debug|Any CPU.Build.0 = Debug|Any CPU
		{BEA9765E-2D78-4388-8427-2696947E6E85}.Debug|Mixed Platforms.ActiveCfg = Debug|Any CPU
		{BEA9765E-2D78-4388-8427-2696947E6E85}.Debug|Mixed Platforms.Build.0 = Debug|Any CPU
		{BEA9765E-2D78-4388-8427-2696947E6E85}.Debug|Win32.ActiveCfg = Debug|Any CPU
		{BEA9765E-2D78-4388-8427-2696947E6E85}.Debug|x86.ActiveCfg = Debug|Any CPU
		{BEA9765E-2D78-4388-8427-2696947E6E85}.Release|Any CPU.ActiveCfg = Release|Any CPU
		{BEA9765E-2D78-4388-8427-2696947E6E85}.Release|Any CPU.Build.0 = Release|Any CPU
		{BEA9765E-2D78-4388-8427-2696947E6E85}.Release|Mixed Platforms.ActiveCfg = Release|Any CPU
		{BEA9765E-2D78-4388-8427-2696947E6E85}.Release|Mixed Platforms.Build.0 = Release|Any CPU
		{BEA9765E-2D78-4388-8427-2696947E6E85}.Release|Win32.ActiveCfg = Release|Any CPU
		{BEA9765E-2D78-4388-8427-2696947E6E85}.Release|x86.ActiveCfg = Release|Any CPU
		{F607F93D-588A-4C95-8CC8-050555316222}.Debug|Any CPU.ActiveCfg = Debug|x86
		{F607F93D-588A-4C95-8CC8-050555316222}.Debug|Mixed Platforms.ActiveCfg = Debug|x86
		{F607F93D-588A-4C95-8CC8-050555316222}.Debug|Mixed Platforms.Build.0 = Debug|x86
		{F607F93D-588A-4C95-8CC8-050555316222}.Debug|Win32.ActiveCfg = Debug|x86
		{F607F93D-588A-4C95-8CC8-050555316222}.Debug|x86.ActiveCfg = Debug|x86
		{F607F93D-588A-4C95-8CC8-050555316222}.Debug|x86.Build.0 = Debug|x86
		{F607F93D-588A-4C95-8CC8-050555316222}.Release|Any CPU.ActiveCfg = Release|x86
		{F607F93D-588A-4C95-8CC8-050555316222}.Release|Mixed Platforms.ActiveCfg = Release|x86
		{F607F93D-588A-4C95-8CC8-050555316222}.Release|Mixed Platforms.Build.0 = Release|x86
		{F607F93D-588A-4C95-8CC8-050555316222}.Release|Win32.ActiveCfg = Release|x86
		{F607F93D-588A-4C95-8CC8-050555316222}.Release|x86.ActiveCfg = Release|x86
		{F607F93D-588A-4C95-8CC8-050555316222}.Release|x86.Build.0 = Release|x86
		{180584D1-BC0E-418B-8760-AA14FBADE987}.Debug|Any CPU.ActiveCfg = Debug|x86
		{180584D1-BC0E-418B-8760-AA14FBADE987}.Debug|Mixed Platforms.ActiveCfg = Debug|x86
		{180584D1-BC0E-418B-8760-AA14FBADE987}.Debug|Mixed Platforms.Build.0 = Debug|x86
		{180584D1-BC0E-418B-8760-AA14FBADE987}.Debug|Win32.ActiveCfg = Debug|x86
		{180584D1-BC0E-418B-8760-AA14FBADE987}.Debug|x86.ActiveCfg = Debug|x86
		{180584D1-BC0E-418B-8760-AA14FBADE987}.Debug|x86.Build.0 = Debug|x86
		{180584D1-BC0E-418B-8760-AA14FBADE987}.Release|Any CPU.ActiveCfg = Release|x86
		{180584D1-BC0E-418B-8760-AA14FBADE987}.Release|Mixed Platforms.ActiveCfg = Release|x86
		{180584D1-BC0E-418B-8760-AA14FBADE987}.Release|Mixed Platforms.Build.0 = Release|x86
		{180584D1-BC0E-418B-8760-AA14FBADE987}.Release|Win32.ActiveCfg = Release|x86
		{180584D1-BC0E-418B-8760-AA14FBADE987}.Release|x86.ActiveCfg = Release|x86
		{180584D1-BC0E-418B-8760-AA14FBADE987}.Release|x86.Build.0 = Release|x86
		{343C50C3-B49E-4685-AFC8-09C2C57D0A96}.Debug|Any CPU.ActiveCfg = Debug|x86
		{343C50C3-B49E-4685-AFC8-09C2C57D0A96}.Debug|Mixed Platforms.ActiveCfg = Debug|x86
		{343C50C3-B49E-4685-AFC8-09C2C57D0A96}.Debug|Mixed Platforms.Build.0 = Debug|x86
		{343C50C3-B49E-4685-AFC8-09C2C57D0A96}.Debug|Win32.ActiveCfg = Debug|x86
		{343C50C3-B49E-4685-AFC8-09C2C57D0A96}.Debug|x86.ActiveCfg = Debug|x86
		{343C50C3-B49E-4685-AFC8-09C2C57D0A96}.Debug|x86.Build.0 = Debug|x86
		{343C50C3-B49E-4685-AFC8-09C2C57D0A96}.Release|Any CPU.ActiveCfg = Release|x86
		{343C50C3-B49E-4685-AFC8-09C2C57D0A96}.Release|Mixed Platforms.ActiveCfg = Release|x86
		{343C50C3-B49E-4685-AFC8-09C2C57D0A96}.Release|Mixed Platforms.Build.0 = Release|x86
		{343C50C3-B49E-4685-AFC8-09C2C57D0A96}.Release|Win32.ActiveCfg = Release|x86
		{343C50C3-B49E-4685-AFC8-09C2C57D0A96}.Release|x86.ActiveCfg = Release|x86
		{343C50C3-B49E-4685-AFC8-09C2C57D0A96}.Release|x86.Build.0 = Release|x86
		{F96CE1FC-2AEA-4BDB-8804-207FC906DF5B}.Debug|Any CPU.ActiveCfg = Debug|x86
		{F96CE1FC-2AEA-4BDB-8804-207FC906DF5B}.Debug|Mixed Platforms.ActiveCfg = Debug|x86
		{F96CE1FC-2AEA-4BDB-8804-207FC906DF5B}.Debug|Mixed Platforms.Build.0 = Debug|x86
		{F96CE1FC-2AEA-4BDB-8804-207FC906DF5B}.Debug|Win32.ActiveCfg = Debug|x86
		{F96CE1FC-2AEA-4BDB-8804-207FC906DF5B}.Debug|x86.ActiveCfg = Debug|x86
		{F96CE1FC-2AEA-4BDB-8804-207FC906DF5B}.Debug|x86.Build.0 = Debug|x86
		{F96CE1FC-2AEA-4BDB-8804-207FC906DF5B}.Release|Any CPU.ActiveCfg = Release|x86
		{F96CE1FC-2AEA-4BDB-8804-207FC906DF5B}.Release|Mixed Platforms.ActiveCfg = Release|x86
		{F96CE1FC-2AEA-4BDB-8804-207FC906DF5B}.Release|Mixed Platforms.Build.0 = Release|x86
		{F96CE1FC-2AEA-4BDB-8804-207FC906DF5B}.Release|Win32.ActiveCfg = Release|x86
		{F96CE1FC-2AEA-4BDB-8804-207FC906DF5B}.Release|x86.ActiveCfg = Release|x86
		{F96CE1FC-2AEA-4BDB-8804-207FC906DF5B}.Release|x86.Build.0 = Release|x86
		{86D36BF9-5ED8-42B4-8E28-3987998136B4}.Debug|Any CPU.ActiveCfg = Debug|x86
		{86D36BF9-5ED8-42B4-8E28-3987998136B4}.Debug|Mixed Platforms.ActiveCfg = Debug|x86
		{86D36BF9-5ED8-42B4-8E28-3987998136B4}.Debug|Mixed Platforms.Build.0 = Debug|x86
		{86D36BF9-5ED8-42B4-8E28-3987998136B4}.Debug|Win32.ActiveCfg = Debug|x86
		{86D36BF9-5ED8-42B4-8E28-3987998136B4}.Debug|x86.ActiveCfg = Debug|x86
		{86D36BF9-5ED8-42B4-8E28-3987998136B4}.Debug|x86.Build.0 = Debug|x86
		{86D36BF9-5ED8-42B4-8E28-3987998136B4}.Release|Any CPU.ActiveCfg = Release|x86
		{86D36BF9-5ED8-42B4-8E28-3987998136B4}.Release|Mixed Platforms.ActiveCfg = Release|x86
		{86D36BF9-5ED8-42B4-8E28-3987998136B4}.Release|Mixed Platforms.Build.0 = Release|x86
		{86D36BF9-5ED8-42B4-8E28-3987998136B4}.Release|Win32.ActiveCfg = Release|x86
		{86D36BF9-5ED8-42B4-8E28-3987998136B4}.Release|x86.ActiveCfg = Release|x86
		{86D36BF9-5ED8-42B4-8E28-3987998136B4}.Release|x86.Build.0 = Release|x86
		{48072BDA-7FD7-4638-A3ED-E39CCBD3BC0D}.Debug|Any CPU.ActiveCfg = Debug|x86
		{48072BDA-7FD7-4638-A3ED-E39CCBD3BC0D}.Debug|Mixed Platforms.ActiveCfg = Debug|x86
		{48072BDA-7FD7-4638-A3ED-E39CCBD3BC0D}.Debug|Mixed Platforms.Build.0 = Debug|x86
		{48072BDA-7FD7-4638-A3ED-E39CCBD3BC0D}.Debug|Win32.ActiveCfg = Debug|x86
		{48072BDA-7FD7-4638-A3ED-E39CCBD3BC0D}.Debug|x86.ActiveCfg = Debug|x86
		{48072BDA-7FD7-4638-A3ED-E39CCBD3BC0D}.Debug|x86.Build.0 = Debug|x86
		{48072BDA-7FD7-4638-A3ED-E39CCBD3BC0D}.Release|Any CPU.ActiveCfg = Release|x86
		{48072BDA-7FD7-4638-A3ED-E39CCBD3BC0D}.Release|Mixed Platforms.ActiveCfg = Release|x86
		{48072BDA-7FD7-4638-A3ED-E39CCBD3BC0D}.Release|Mixed Platforms.Build.0 = Release|x86
		{48072BDA-7FD7-4638-A3ED-E39CCBD3BC0D}.Release|Win32.ActiveCfg = Release|x86
		{48072BDA-7FD7-4638-A3ED-E39CCBD3BC0D}.Release|x86.ActiveCfg = Release|x86
		{48072BDA-7FD7-4638-A3ED-E39CCBD3BC0D}.Release|x86.Build.0 = Release|x86
		{48DCC924-C0A2-4773-9356-950F4545505E}.Debug|Any CPU.ActiveCfg = Debug|x86
		{48DCC924-C0A2-4773-9356-950F4545505E}.Debug|Mixed Platforms.ActiveCfg = Debug|x86
		{48DCC924-C0A2-4773-9356-950F4545505E}.Debug|Mixed Platforms.Build.0 = Debug|x86
		{48DCC924-C0A2-4773-9356-950F4545505E}.Debug|Win32.ActiveCfg = Debug|x86
		{48DCC924-C0A2-4773-9356-950F4545505E}.Debug|x86.ActiveCfg = Debug|x86
		{48DCC924-C0A2-4773-9356-950F4545505E}.Debug|x86.Build.0 = Debug|x86
		{48DCC924-C0A2-4773-9356-950F4545505E}.Release|Any CPU.ActiveCfg = Release|x86
		{48DCC924-C0A2-4773-9356-950F4545505E}.Release|Mixed Platforms.ActiveCfg = Release|x86
		{48DCC924-C0A2-4773-9356-950F4545505E}.Release|Mixed Platforms.Build.0 = Release|x86
		{48DCC924-C0A2-4773-9356-950F4545505E}.Release|Win32.ActiveCfg = Release|x86
		{48DCC924-C0A2-4773-9356-950F4545505E}.Release|x86.ActiveCfg = Release|x86
		{48DCC924-C0A2-4773-9356-950F4545505E}.Release|x86.Build.0 = Release|x86
	EndGlobalSection
	GlobalSection(SolutionProperties) = preSolution
		HideSolutionNode = FALSE
	EndGlobalSection
EndGlobal
